{
  "nodes": {
    "crane": {
      "inputs": {
        "flake-compat": "flake-compat",
        "flake-utils": "flake-utils",
        "nixpkgs": [
          "nixpkgs"
        ]
      },
      "locked": {
        "lastModified": 1665281413,
        "narHash": "sha256-6iPWH9BYWozMJgJ51zV5jit0dfOn01aFqzhfx++gZvs=",
        "owner": "ipetkov",
        "repo": "crane",
        "rev": "37def1e9c317dba1c7def2f7c011bb09f2645e5d",
        "type": "github"
      },
      "original": {
        "owner": "ipetkov",
        "repo": "crane",
        "type": "github"
      }
    },
    "fenix": {
      "inputs": {
        "nixpkgs": [
          "nixpkgs"
        ],
        "rust-analyzer-src": "rust-analyzer-src"
      },
      "locked": {
        "lastModified": 1665297252,
        "narHash": "sha256-QUpr7W1u8fn7PxsTHQEat4RZJlby5yD9CNZLVV5o4BE=",
        "owner": "nix-community",
        "repo": "fenix",
        "rev": "04f2dddc892178a8e20ae9968fe9fbf7775b34fc",
        "type": "github"
      },
      "original": {
        "owner": "nix-community",
        "repo": "fenix",
        "type": "github"
      }
    },
    "flake-compat": {
      "flake": false,
      "locked": {
        "lastModified": 1650374568,
        "narHash": "sha256-Z+s0J8/r907g149rllvwhb4pKi8Wam5ij0st8PwAh+E=",
        "owner": "edolstra",
        "repo": "flake-compat",
        "rev": "b4a34015c698c7793d592d66adbab377907a2be8",
        "type": "github"
      },
      "original": {
        "owner": "edolstra",
        "repo": "flake-compat",
        "type": "github"
      }
    },
    "flake-utils": {
      "locked": {
        "lastModified": 1659877975,
        "narHash": "sha256-zllb8aq3YO3h8B/U0/J1WBgAL8EX5yWf5pMj3G0NAmc=",
        "owner": "numtide",
        "repo": "flake-utils",
        "rev": "c0e246b9b83f637f4681389ecabcb2681b4f3af0",
        "type": "github"
      },
      "original": {
        "owner": "numtide",
        "repo": "flake-utils",
        "type": "github"
      }
    },
    "flake-utils_2": {
      "locked": {
        "lastModified": 1659877975,
        "narHash": "sha256-zllb8aq3YO3h8B/U0/J1WBgAL8EX5yWf5pMj3G0NAmc=",
        "owner": "numtide",
        "repo": "flake-utils",
        "rev": "c0e246b9b83f637f4681389ecabcb2681b4f3af0",
        "type": "github"
      },
      "original": {
        "owner": "numtide",
        "repo": "flake-utils",
        "type": "github"
      }
    },
    "flake-utils_3": {
      "locked": {
        "lastModified": 1644229661,
        "narHash": "sha256-1YdnJAsNy69bpcjuoKdOYQX0YxZBiCYZo4Twxerqv7k=",
        "owner": "numtide",
        "repo": "flake-utils",
        "rev": "3cecb5b042f7f209c56ffd8371b2711a290ec797",
        "type": "github"
      },
      "original": {
        "owner": "numtide",
        "repo": "flake-utils",
        "type": "github"
      }
    },
    "nixpkgs": {
      "locked": {
        "lastModified": 1665081174,
        "narHash": "sha256-6hsmzdhdy8Kbvl5e0xZNE83pW3fKQvNiobJkM6KQrgA=",
        "owner": "NixOS",
        "repo": "nixpkgs",
        "rev": "598f83ebeb2235435189cf84d844b8b73e858e0f",
        "type": "github"
      },
      "original": {
        "owner": "NixOS",
        "ref": "nixos-unstable",
        "repo": "nixpkgs",
        "type": "github"
      }
    },
    "nixpkgs-local": {
      "locked": {
        "lastModified": 1664161278,
        "narHash": "sha256-Ehb1odWqORukrRwtQ7RbKuTcyo63N7IC6SIXNxKCgmw=",
        "owner": "mith",
        "repo": "nixpkgs",
        "rev": "4fc7bd5522dbacda9ff535a1ddd378c835e022c5",
        "type": "github"
      },
      "original": {
        "owner": "mith",
        "repo": "nixpkgs",
        "type": "github"
      }
    },
    "nixpkgs_2": {
      "locked": {
        "lastModified": 1645655918,
        "narHash": "sha256-ZfbEFRW7o237+A1P7eTKhXje435FCAoe0blj2n20Was=",
        "owner": "nixos",
        "repo": "nixpkgs",
        "rev": "77a7a4197740213879b9a1d2e1788c6c8ade4274",
        "type": "github"
      },
      "original": {
        "id": "nixpkgs",
        "type": "indirect"
      }
    },
    "pre-commit-hooks": {
      "inputs": {
        "flake-utils": "flake-utils_3",
        "nixpkgs": "nixpkgs_2"
      },
      "locked": {
        "lastModified": 1664708386,
        "narHash": "sha256-aCD8UUGNYb5nYzRmtsq/0yP9gFOQQHr/Lsb5vW+mucw=",
        "owner": "cachix",
        "repo": "pre-commit-hooks.nix",
        "rev": "2e4a708918e14fdbd534cc94aaa9470cd19b2464",
        "type": "github"
      },
      "original": {
        "owner": "cachix",
        "repo": "pre-commit-hooks.nix",
        "type": "github"
      }
    },
    "root": {
      "inputs": {
        "crane": "crane",
        "fenix": "fenix",
        "flake-utils": "flake-utils_2",
        "nixpkgs": "nixpkgs",
        "nixpkgs-local": "nixpkgs-local",
        "pre-commit-hooks": "pre-commit-hooks"
      }
    },
    "rust-analyzer-src": {
      "flake": false,
      "locked": {
        "lastModified": 1665247575,
        "narHash": "sha256-Ssoxr1ggoPsvFBsCWNQTleYLOTqx6hFKFvktzGDC51A=",
        "owner": "rust-lang",
        "repo": "rust-analyzer",
        "rev": "61504c8d951c566eb03037dcb300c96f4bd9a8b6",
        "type": "github"
      },
      "original": {
        "owner": "rust-lang",
        "ref": "nightly",
        "repo": "rust-analyzer",
        "type": "github"
      }
    }
  },
  "root": "root",
  "version": 7
}
